<?xml version="1.0" encoding="utf-8"?>
<Project ToolsVersion="4.0" xmlns="http://schemas.microsoft.com/developer/msbuild/2003">
  <ItemGroup>
    <ClCompile Include="PythonScriptManager.cpp" />
    <ClCompile Include="src\Bindings\Bindings.cpp">
      <Filter>src\Bindings</Filter>
    </ClCompile>
  </ItemGroup>
  <ItemGroup>
    <Filter Include="src">
      <UniqueIdentifier>{8491f9bc-c1ab-4d92-9577-100743d4e467}</UniqueIdentifier>
    </Filter>
    <Filter Include="src\Bindings">
      <UniqueIdentifier>{734ff7a4-9298-461d-b409-d4efb80c47f4}</UniqueIdentifier>
    </Filter>
    <Filter Include="src\Models">
      <UniqueIdentifier>{e7a62d2a-4b3e-4df6-9a17-a430e06aed81}</UniqueIdentifier>
    </Filter>
  </ItemGroup>
  <ItemGroup>
    <ClInclude Include="src\Logger.h">
      <Filter>src</Filter>
    </ClInclude>
    <ClInclude Include="src\ScriptManager.h">
      <Filter>src</Filter>
    </ClInclude>
    <ClInclude Include="src\Bindings\Bindings.h">
      <Filter>src\Bindings</Filter>
    </ClInclude>
    <ClInclude Include="src\Models\ScriptModule.h">
      <Filter>src\Models</Filter>
    </ClInclude>
  </ItemGroup>
</Project>